
Microsoft Visual Studio Solution File, Format Version 12.00
# Visual Studio 2013
VisualStudioVersion = 12.0.21005.1
MinimumVisualStudioVersion = 10.0.40219.1
Project("{FAE04EC0-301F-11D3-BF4B-00C04F79EFBC}") = "DigiPower.Onlinecol.Standard.Web", "DigiPower.Onlinecol.Standard.Web\DigiPower.Onlinecol.Standard.Web.csproj", "{CD4810C9-5722-419A-A96A-1FD88E842EDC}"
	ProjectSection(ProjectDependencies) = postProject
		{7BCA3804-897D-495A-83EB-094FD6E49D3B} = {7BCA3804-897D-495A-83EB-094FD6E49D3B}
		{4275650D-1B3A-4D94-A4B2-B3EEC4AE2C7B} = {4275650D-1B3A-4D94-A4B2-B3EEC4AE2C7B}
		{D9880F34-5CD4-48E9-8FC3-190CE47C5109} = {D9880F34-5CD4-48E9-8FC3-190CE47C5109}
		{800E194A-0B70-44E3-B463-E433D905FE1D} = {800E194A-0B70-44E3-B463-E433D905FE1D}
	EndProjectSection
EndProject
Project("{FAE04EC0-301F-11D3-BF4B-00C04F79EFBC}") = "DigiPower.Onlinecol.Standard.Model", "DigiPower.Onlinecol.Standard.Model\DigiPower.Onlinecol.Standard.Model.csproj", "{800E194A-0B70-44E3-B463-E433D905FE1D}"
	ProjectSection(ProjectDependencies) = postProject
		{7BCA3804-897D-495A-83EB-094FD6E49D3B} = {7BCA3804-897D-495A-83EB-094FD6E49D3B}
	EndProjectSection
EndProject
Project("{FAE04EC0-301F-11D3-BF4B-00C04F79EFBC}") = "DigiPower.Onlinecol.Standard.DAL", "DigiPower.Onlinecol.Standard.DAL\DigiPower.Onlinecol.Standard.DAL.csproj", "{BA1A2833-1963-4D8C-B8FE-617376D39333}"
	ProjectSection(ProjectDependencies) = postProject
		{7BCA3804-897D-495A-83EB-094FD6E49D3B} = {7BCA3804-897D-495A-83EB-094FD6E49D3B}
		{800E194A-0B70-44E3-B463-E433D905FE1D} = {800E194A-0B70-44E3-B463-E433D905FE1D}
	EndProjectSection
EndProject
Project("{FAE04EC0-301F-11D3-BF4B-00C04F79EFBC}") = "DigiPower.Onlinecol.Standard.BLL", "DigiPower.Onlinecol.Standard.BLL\DigiPower.Onlinecol.Standard.BLL.csproj", "{4275650D-1B3A-4D94-A4B2-B3EEC4AE2C7B}"
	ProjectSection(ProjectDependencies) = postProject
		{7BCA3804-897D-495A-83EB-094FD6E49D3B} = {7BCA3804-897D-495A-83EB-094FD6E49D3B}
		{BA1A2833-1963-4D8C-B8FE-617376D39333} = {BA1A2833-1963-4D8C-B8FE-617376D39333}
		{800E194A-0B70-44E3-B463-E433D905FE1D} = {800E194A-0B70-44E3-B463-E433D905FE1D}
	EndProjectSection
EndProject
Project("{FAE04EC0-301F-11D3-BF4B-00C04F79EFBC}") = "DigiPower.Onlinecol.Standard.CBLL", "DigiPower.Onlinecol.Standard.CBLL\DigiPower.Onlinecol.Standard.CBLL.csproj", "{D9880F34-5CD4-48E9-8FC3-190CE47C5109}"
	ProjectSection(ProjectDependencies) = postProject
		{7BCA3804-897D-495A-83EB-094FD6E49D3B} = {7BCA3804-897D-495A-83EB-094FD6E49D3B}
		{4275650D-1B3A-4D94-A4B2-B3EEC4AE2C7B} = {4275650D-1B3A-4D94-A4B2-B3EEC4AE2C7B}
		{BA1A2833-1963-4D8C-B8FE-617376D39333} = {BA1A2833-1963-4D8C-B8FE-617376D39333}
		{800E194A-0B70-44E3-B463-E433D905FE1D} = {800E194A-0B70-44E3-B463-E433D905FE1D}
	EndProjectSection
EndProject
Project("{FAE04EC0-301F-11D3-BF4B-00C04F79EFBC}") = "DigiPower.Onlinecol.Standard.Common", "DigiPower.Onlinecol.Standard.Common\DigiPower.Onlinecol.Standard.Common.csproj", "{7BCA3804-897D-495A-83EB-094FD6E49D3B}"
EndProject
Project("{FAE04EC0-301F-11D3-BF4B-00C04F79EFBC}") = "DigiPower.Onlinecol.Standard.DbUtility", "DigiPower.Onlinecol.Standard.DbUtility\DigiPower.Onlinecol.Standard.DbUtility.csproj", "{45725596-F8FE-457E-804B-9889419443E9}"
EndProject
Project("{FAE04EC0-301F-11D3-BF4B-00C04F79EFBC}") = "DigiPower.Onlinecol.Distribution.Service", "DigiPower.Onlinecol.Distribution.Service\DigiPower.Onlinecol.Distribution.Service.csproj", "{F4B19978-82D4-40FE-9824-C3308B2322D4}"
EndProject
Global
	GlobalSection(SolutionConfigurationPlatforms) = preSolution
		Debug|Any CPU = Debug|Any CPU
		Debug|x86 = Debug|x86
		Release|Any CPU = Release|Any CPU
		Release|x86 = Release|x86
	EndGlobalSection
	GlobalSection(ProjectConfigurationPlatforms) = postSolution
		{CD4810C9-5722-419A-A96A-1FD88E842EDC}.Debug|Any CPU.ActiveCfg = Debug|Any CPU
		{CD4810C9-5722-419A-A96A-1FD88E842EDC}.Debug|Any CPU.Build.0 = Debug|Any CPU
		{CD4810C9-5722-419A-A96A-1FD88E842EDC}.Debug|x86.ActiveCfg = Debug|x86
		{CD4810C9-5722-419A-A96A-1FD88E842EDC}.Debug|x86.Build.0 = Debug|x86
		{CD4810C9-5722-419A-A96A-1FD88E842EDC}.Release|Any CPU.ActiveCfg = Release|Any CPU
		{CD4810C9-5722-419A-A96A-1FD88E842EDC}.Release|Any CPU.Build.0 = Release|Any CPU
		{CD4810C9-5722-419A-A96A-1FD88E842EDC}.Release|x86.ActiveCfg = Release|x86
		{CD4810C9-5722-419A-A96A-1FD88E842EDC}.Release|x86.Build.0 = Release|x86
		{800E194A-0B70-44E3-B463-E433D905FE1D}.Debug|Any CPU.ActiveCfg = Debug|Any CPU
		{800E194A-0B70-44E3-B463-E433D905FE1D}.Debug|Any CPU.Build.0 = Debug|Any CPU
		{800E194A-0B70-44E3-B463-E433D905FE1D}.Debug|x86.ActiveCfg = Debug|x86
		{800E194A-0B70-44E3-B463-E433D905FE1D}.Debug|x86.Build.0 = Debug|x86
		{800E194A-0B70-44E3-B463-E433D905FE1D}.Release|Any CPU.ActiveCfg = Release|Any CPU
		{800E194A-0B70-44E3-B463-E433D905FE1D}.Release|Any CPU.Build.0 = Release|Any CPU
		{800E194A-0B70-44E3-B463-E433D905FE1D}.Release|x86.ActiveCfg = Release|x86
		{800E194A-0B70-44E3-B463-E433D905FE1D}.Release|x86.Build.0 = Release|x86
		{BA1A2833-1963-4D8C-B8FE-617376D39333}.Debug|Any CPU.ActiveCfg = Debug|Any CPU
		{BA1A2833-1963-4D8C-B8FE-617376D39333}.Debug|Any CPU.Build.0 = Debug|Any CPU
		{BA1A2833-1963-4D8C-B8FE-617376D39333}.Debug|x86.ActiveCfg = Debug|x86
		{BA1A2833-1963-4D8C-B8FE-617376D39333}.Debug|x86.Build.0 = Debug|x86
		{BA1A2833-1963-4D8C-B8FE-617376D39333}.Release|Any CPU.ActiveCfg = Release|Any CPU
		{BA1A2833-1963-4D8C-B8FE-617376D39333}.Release|Any CPU.Build.0 = Release|Any CPU
		{BA1A2833-1963-4D8C-B8FE-617376D39333}.Release|x86.ActiveCfg = Release|x86
		{BA1A2833-1963-4D8C-B8FE-617376D39333}.Release|x86.Build.0 = Release|x86
		{4275650D-1B3A-4D94-A4B2-B3EEC4AE2C7B}.Debug|Any CPU.ActiveCfg = Debug|Any CPU
		{4275650D-1B3A-4D94-A4B2-B3EEC4AE2C7B}.Debug|Any CPU.Build.0 = Debug|Any CPU
		{4275650D-1B3A-4D94-A4B2-B3EEC4AE2C7B}.Debug|x86.ActiveCfg = Debug|x86
		{4275650D-1B3A-4D94-A4B2-B3EEC4AE2C7B}.Debug|x86.Build.0 = Debug|x86
		{4275650D-1B3A-4D94-A4B2-B3EEC4AE2C7B}.Release|Any CPU.ActiveCfg = Release|Any CPU
		{4275650D-1B3A-4D94-A4B2-B3EEC4AE2C7B}.Release|Any CPU.Build.0 = Release|Any CPU
		{4275650D-1B3A-4D94-A4B2-B3EEC4AE2C7B}.Release|x86.ActiveCfg = Release|x86
		{4275650D-1B3A-4D94-A4B2-B3EEC4AE2C7B}.Release|x86.Build.0 = Release|x86
		{D9880F34-5CD4-48E9-8FC3-190CE47C5109}.Debug|Any CPU.ActiveCfg = Debug|Any CPU
		{D9880F34-5CD4-48E9-8FC3-190CE47C5109}.Debug|Any CPU.Build.0 = Debug|Any CPU
		{D9880F34-5CD4-48E9-8FC3-190CE47C5109}.Debug|x86.ActiveCfg = Debug|x86
		{D9880F34-5CD4-48E9-8FC3-190CE47C5109}.Debug|x86.Build.0 = Debug|x86
		{D9880F34-5CD4-48E9-8FC3-190CE47C5109}.Release|Any CPU.ActiveCfg = Release|Any CPU
		{D9880F34-5CD4-48E9-8FC3-190CE47C5109}.Release|Any CPU.Build.0 = Release|Any CPU
		{D9880F34-5CD4-48E9-8FC3-190CE47C5109}.Release|x86.ActiveCfg = Release|x86
		{D9880F34-5CD4-48E9-8FC3-190CE47C5109}.Release|x86.Build.0 = Release|x86
		{7BCA3804-897D-495A-83EB-094FD6E49D3B}.Debug|Any CPU.ActiveCfg = Debug|Any CPU
		{7BCA3804-897D-495A-83EB-094FD6E49D3B}.Debug|Any CPU.Build.0 = Debug|Any CPU
		{7BCA3804-897D-495A-83EB-094FD6E49D3B}.Debug|x86.ActiveCfg = Debug|x86
		{7BCA3804-897D-495A-83EB-094FD6E49D3B}.Debug|x86.Build.0 = Debug|x86
		{7BCA3804-897D-495A-83EB-094FD6E49D3B}.Release|Any CPU.ActiveCfg = Release|Any CPU
		{7BCA3804-897D-495A-83EB-094FD6E49D3B}.Release|Any CPU.Build.0 = Release|Any CPU
		{7BCA3804-897D-495A-83EB-094FD6E49D3B}.Release|x86.ActiveCfg = Release|x86
		{7BCA3804-897D-495A-83EB-094FD6E49D3B}.Release|x86.Build.0 = Release|x86
		{45725596-F8FE-457E-804B-9889419443E9}.Debug|Any CPU.ActiveCfg = Debug|Any CPU
		{45725596-F8FE-457E-804B-9889419443E9}.Debug|Any CPU.Build.0 = Debug|Any CPU
		{45725596-F8FE-457E-804B-9889419443E9}.Debug|x86.ActiveCfg = Debug|Any CPU
		{45725596-F8FE-457E-804B-9889419443E9}.Release|Any CPU.ActiveCfg = Release|Any CPU
		{45725596-F8FE-457E-804B-9889419443E9}.Release|Any CPU.Build.0 = Release|Any CPU
		{45725596-F8FE-457E-804B-9889419443E9}.Release|x86.ActiveCfg = Release|Any CPU
		{F4B19978-82D4-40FE-9824-C3308B2322D4}.Debug|Any CPU.ActiveCfg = Debug|Any CPU
		{F4B19978-82D4-40FE-9824-C3308B2322D4}.Debug|Any CPU.Build.0 = Debug|Any CPU
		{F4B19978-82D4-40FE-9824-C3308B2322D4}.Debug|x86.ActiveCfg = Debug|Any CPU
		{F4B19978-82D4-40FE-9824-C3308B2322D4}.Release|Any CPU.ActiveCfg = Release|Any CPU
		{F4B19978-82D4-40FE-9824-C3308B2322D4}.Release|Any CPU.Build.0 = Release|Any CPU
		{F4B19978-82D4-40FE-9824-C3308B2322D4}.Release|x86.ActiveCfg = Release|Any CPU
	EndGlobalSection
	GlobalSection(SolutionProperties) = preSolution
		HideSolutionNode = FALSE
	EndGlobalSection
EndGlobal
